
Microsoft Visual Studio Solution File, Format Version 12.00
# Visual Studio 15
VisualStudioVersion = 15.0.28307.106
MinimumVisualStudioVersion = 10.0.40219.1
Project("{FAE04EC0-301F-11D3-BF4B-00C04F79EFBC}") = "CakeFuiry1", "CakeFuiry1\CakeFuiry1.csproj", "{04DFCFD1-D55C-4334-AA77-EA1589DDC76D}"
EndProject
Global
	GlobalSection(SolutionConfigurationPlatforms) = preSolution
		Debug|Any CPU = Debug|Any CPU
		Release|Any CPU = Release|Any CPU
	EndGlobalSection
	GlobalSection(ProjectConfigurationPlatforms) = postSolution
		{04DFCFD1-D55C-4334-AA77-EA1589DDC76D}.Debug|Any CPU.ActiveCfg = Debug|Any CPU
		{04DFCFD1-D55C-4334-AA77-EA1589DDC76D}.Debug|Any CPU.Build.0 = Debug|Any CPU
		{04DFCFD1-D55C-4334-AA77-EA1589DDC76D}.Release|Any CPU.ActiveCfg = Release|Any CPU
		{04DFCFD1-D55C-4334-AA77-EA1589DDC76D}.Release|Any CPU.Build.0 = Release|Any CPU
	EndGlobalSection
	GlobalSection(SolutionProperties) = preSolution
		HideSolutionNode = FALSE
	EndGlobalSection
	GlobalSection(ExtensibilityGlobals) = postSolution
		SolutionGuid = {2933DBC4-C1AF-4C61-B14F-465BFB084C79}
	EndGlobalSection
EndGlobal
